// !$*UTF8*$!
{
	archiveVersion = 1;
	classes = {
	};
	objectVersion = 46;
	objects = {

/* Begin PBXBuildFile section */
		1DEC907E13D24BE7005BCF07 /* CSSRuleset.m in Sources */ = {isa = PBXBuildFile; fileRef = 1DEC907D13D24BE7005BCF07 /* CSSRuleset.m */; };
		1DEC908213D262A9005BCF07 /* CSSSelector.m in Sources */ = {isa = PBXBuildFile; fileRef = 1DEC908113D262A8005BCF07 /* CSSSelector.m */; };
		1DEE03CC13D234FD007C87FE /* CSSResourceManager.m in Sources */ = {isa = PBXBuildFile; fileRef = 1DEE03CB13D234FD007C87FE /* CSSResourceManager.m */; };
		1DEE03D213D23514007C87FE /* CSSParser.m in Sources */ = {isa = PBXBuildFile; fileRef = 1DEE03D113D23514007C87FE /* CSSParser.m */; };
		1DEE03D713D235EA007C87FE /* CSSPlistMapper.m in Sources */ = {isa = PBXBuildFile; fileRef = 1DEE03D613D235EA007C87FE /* CSSPlistMapper.m */; };
		1DEE03DB13D238FE007C87FE /* CSSDOMManager.m in Sources */ = {isa = PBXBuildFile; fileRef = 1DEE03DA13D238FE007C87FE /* CSSDOMManager.m */; };
		1DEE03DE13D24349007C87FE /* CSSStyleSheet.m in Sources */ = {isa = PBXBuildFile; fileRef = 1DEE03DD13D24349007C87FE /* CSSStyleSheet.m */; };
		AB0ECAE113D25A9F00E151DF /* CALayer+CSS.m in Sources */ = {isa = PBXBuildFile; fileRef = AB0ECAE013D25A9F00E151DF /* CALayer+CSS.m */; };
		AB0ECAE513D25B0A00E151DF /* NSObject+CSS.m in Sources */ = {isa = PBXBuildFile; fileRef = AB0ECAE413D25B0A00E151DF /* NSObject+CSS.m */; };
		AB50CF8913D22017001113D0 /* UIKit.framework in Frameworks */ = {isa = PBXBuildFile; fileRef = AB50CF8813D22017001113D0 /* UIKit.framework */; };
		AB50CF8B13D22017001113D0 /* Foundation.framework in Frameworks */ = {isa = PBXBuildFile; fileRef = AB50CF8A13D22017001113D0 /* Foundation.framework */; };
		AB50CF8D13D22017001113D0 /* CoreGraphics.framework in Frameworks */ = {isa = PBXBuildFile; fileRef = AB50CF8C13D22017001113D0 /* CoreGraphics.framework */; };
		AB50CF9313D22017001113D0 /* InfoPlist.strings in Resources */ = {isa = PBXBuildFile; fileRef = AB50CF9113D22017001113D0 /* InfoPlist.strings */; };
		AB50CF9613D22017001113D0 /* main.m in Sources */ = {isa = PBXBuildFile; fileRef = AB50CF9513D22017001113D0 /* main.m */; };
		AB50CF9913D22017001113D0 /* CSSSampleAppDelegate.m in Sources */ = {isa = PBXBuildFile; fileRef = AB50CF9813D22017001113D0 /* CSSSampleAppDelegate.m */; };
		AB50CF9C13D22017001113D0 /* MainWindow.xib in Resources */ = {isa = PBXBuildFile; fileRef = AB50CF9A13D22017001113D0 /* MainWindow.xib */; };
		AB50CF9F13D22017001113D0 /* CSSSampleViewController.m in Sources */ = {isa = PBXBuildFile; fileRef = AB50CF9E13D22017001113D0 /* CSSSampleViewController.m */; };
		AB50CFA213D22017001113D0 /* CSSSampleViewController.xib in Resources */ = {isa = PBXBuildFile; fileRef = AB50CFA013D22017001113D0 /* CSSSampleViewController.xib */; };
		AB588FBB13D243FE00EC6441 /* UIKit.framework in Frameworks */ = {isa = PBXBuildFile; fileRef = AB50CF8813D22017001113D0 /* UIKit.framework */; };
		AB588FBC13D243FE00EC6441 /* Foundation.framework in Frameworks */ = {isa = PBXBuildFile; fileRef = AB50CF8A13D22017001113D0 /* Foundation.framework */; };
		AB588FBD13D243FE00EC6441 /* CoreGraphics.framework in Frameworks */ = {isa = PBXBuildFile; fileRef = AB50CF8C13D22017001113D0 /* CoreGraphics.framework */; };
		AB588FC313D243FE00EC6441 /* InfoPlist.strings in Resources */ = {isa = PBXBuildFile; fileRef = AB588FC113D243FE00EC6441 /* InfoPlist.strings */; };
		AB588FC913D243FE00EC6441 /* TestsAppDelegate.m in Sources */ = {isa = PBXBuildFile; fileRef = AB588FC813D243FE00EC6441 /* TestsAppDelegate.m */; };
		AB588FD013D2441600EC6441 /* GHUnitIOS.framework in Frameworks */ = {isa = PBXBuildFile; fileRef = AB588F9713D2412500EC6441 /* GHUnitIOS.framework */; };
		AB588FD113D2442600EC6441 /* GHUnitIOSTestMain.m in Sources */ = {isa = PBXBuildFile; fileRef = AB588F9B13D2427100EC6441 /* GHUnitIOSTestMain.m */; };
		AB588FD513D245A700EC6441 /* CSSObjectCategoryTest.m in Sources */ = {isa = PBXBuildFile; fileRef = AB588FD413D245A700EC6441 /* CSSObjectCategoryTest.m */; };
		AB588FD613D24AC300EC6441 /* UIView+CSS.m in Sources */ = {isa = PBXBuildFile; fileRef = AB5B475113D2272B00FB2A74 /* UIView+CSS.m */; };
		AB588FD913D24DB500EC6441 /* CSSViewSelectorTest.m in Sources */ = {isa = PBXBuildFile; fileRef = AB588FD813D24DB500EC6441 /* CSSViewSelectorTest.m */; };
		AB5B475213D2272B00FB2A74 /* UIView+CSS.m in Sources */ = {isa = PBXBuildFile; fileRef = AB5B475113D2272B00FB2A74 /* UIView+CSS.m */; };
		D9141F5C13D26A4A006B25E0 /* css.m in Sources */ = {isa = PBXBuildFile; fileRef = D9141F5A13D26A4A006B25E0 /* css.m */; };
		D9141F5D13D26A4A006B25E0 /* mcss.grammer in Resources */ = {isa = PBXBuildFile; fileRef = D9141F5B13D26A4A006B25E0 /* mcss.grammer */; };
		D9C27FF313D24CA3000B1A43 /* testcase.css in Resources */ = {isa = PBXBuildFile; fileRef = D9C27FF213D24CA3000B1A43 /* testcase.css */; };
		D9C27FF513D24D2C000B1A43 /* testcase.css in Resources */ = {isa = PBXBuildFile; fileRef = D9C27FF213D24CA3000B1A43 /* testcase.css */; };
		D9C9DBA213D28BE000F34B83 /* QuartzCore.framework in Frameworks */ = {isa = PBXBuildFile; fileRef = D9C9DBA113D28BE000F34B83 /* QuartzCore.framework */; };
/* End PBXBuildFile section */

/* Begin PBXFileReference section */
		1DEC907C13D24BE7005BCF07 /* CSSRuleset.h */ = {isa = PBXFileReference; fileEncoding = 4; lastKnownFileType = sourcecode.c.h; path = CSSRuleset.h; sourceTree = "<group>"; };
		1DEC907D13D24BE7005BCF07 /* CSSRuleset.m */ = {isa = PBXFileReference; fileEncoding = 4; lastKnownFileType = sourcecode.c.objc; path = CSSRuleset.m; sourceTree = "<group>"; };
		1DEC908013D262A8005BCF07 /* CSSSelector.h */ = {isa = PBXFileReference; fileEncoding = 4; lastKnownFileType = sourcecode.c.h; path = CSSSelector.h; sourceTree = "<group>"; };
		1DEC908113D262A8005BCF07 /* CSSSelector.m */ = {isa = PBXFileReference; fileEncoding = 4; lastKnownFileType = sourcecode.c.objc; path = CSSSelector.m; sourceTree = "<group>"; };
		1DEE03CA13D234FD007C87FE /* CSSResourceManager.h */ = {isa = PBXFileReference; fileEncoding = 4; lastKnownFileType = sourcecode.c.h; path = CSSResourceManager.h; sourceTree = "<group>"; };
		1DEE03CB13D234FD007C87FE /* CSSResourceManager.m */ = {isa = PBXFileReference; fileEncoding = 4; lastKnownFileType = sourcecode.c.objc; path = CSSResourceManager.m; sourceTree = "<group>"; };
		1DEE03D013D23514007C87FE /* CSSParser.h */ = {isa = PBXFileReference; fileEncoding = 4; lastKnownFileType = sourcecode.c.h; path = CSSParser.h; sourceTree = "<group>"; };
		1DEE03D113D23514007C87FE /* CSSParser.m */ = {isa = PBXFileReference; fileEncoding = 4; lastKnownFileType = sourcecode.c.objc; path = CSSParser.m; sourceTree = "<group>"; };
		1DEE03D413D23591007C87FE /* CSSMapper.h */ = {isa = PBXFileReference; fileEncoding = 4; lastKnownFileType = sourcecode.c.h; path = CSSMapper.h; sourceTree = "<group>"; };
		1DEE03D513D235EA007C87FE /* CSSPlistMapper.h */ = {isa = PBXFileReference; fileEncoding = 4; lastKnownFileType = sourcecode.c.h; path = CSSPlistMapper.h; sourceTree = "<group>"; };
		1DEE03D613D235EA007C87FE /* CSSPlistMapper.m */ = {isa = PBXFileReference; fileEncoding = 4; lastKnownFileType = sourcecode.c.objc; path = CSSPlistMapper.m; sourceTree = "<group>"; };
		1DEE03DA13D238FE007C87FE /* CSSDOMManager.m */ = {isa = PBXFileReference; fileEncoding = 4; lastKnownFileType = sourcecode.c.objc; path = CSSDOMManager.m; sourceTree = "<group>"; };
		1DEE03DC13D24349007C87FE /* CSSStyleSheet.h */ = {isa = PBXFileReference; fileEncoding = 4; lastKnownFileType = sourcecode.c.h; path = CSSStyleSheet.h; sourceTree = "<group>"; };
		1DEE03DD13D24349007C87FE /* CSSStyleSheet.m */ = {isa = PBXFileReference; fileEncoding = 4; lastKnownFileType = sourcecode.c.objc; path = CSSStyleSheet.m; sourceTree = "<group>"; };
		AB0ECADF13D25A9F00E151DF /* CALayer+CSS.h */ = {isa = PBXFileReference; fileEncoding = 4; lastKnownFileType = sourcecode.c.h; path = "CALayer+CSS.h"; sourceTree = "<group>"; };
		AB0ECAE013D25A9F00E151DF /* CALayer+CSS.m */ = {isa = PBXFileReference; fileEncoding = 4; lastKnownFileType = sourcecode.c.objc; path = "CALayer+CSS.m"; sourceTree = "<group>"; };
		AB0ECAE313D25B0A00E151DF /* NSObject+CSS.h */ = {isa = PBXFileReference; fileEncoding = 4; lastKnownFileType = sourcecode.c.h; path = "NSObject+CSS.h"; sourceTree = "<group>"; };
		AB0ECAE413D25B0A00E151DF /* NSObject+CSS.m */ = {isa = PBXFileReference; fileEncoding = 4; lastKnownFileType = sourcecode.c.objc; path = "NSObject+CSS.m"; sourceTree = "<group>"; };
		AB50CF8413D22017001113D0 /* CSSSample.app */ = {isa = PBXFileReference; explicitFileType = wrapper.application; includeInIndex = 0; path = CSSSample.app; sourceTree = BUILT_PRODUCTS_DIR; };
		AB50CF8813D22017001113D0 /* UIKit.framework */ = {isa = PBXFileReference; lastKnownFileType = wrapper.framework; name = UIKit.framework; path = System/Library/Frameworks/UIKit.framework; sourceTree = SDKROOT; };
		AB50CF8A13D22017001113D0 /* Foundation.framework */ = {isa = PBXFileReference; lastKnownFileType = wrapper.framework; name = Foundation.framework; path = System/Library/Frameworks/Foundation.framework; sourceTree = SDKROOT; };
		AB50CF8C13D22017001113D0 /* CoreGraphics.framework */ = {isa = PBXFileReference; lastKnownFileType = wrapper.framework; name = CoreGraphics.framework; path = System/Library/Frameworks/CoreGraphics.framework; sourceTree = SDKROOT; };
		AB50CF9013D22017001113D0 /* CSSSample-Info.plist */ = {isa = PBXFileReference; lastKnownFileType = text.plist.xml; path = "CSSSample-Info.plist"; sourceTree = "<group>"; };
		AB50CF9213D22017001113D0 /* en */ = {isa = PBXFileReference; lastKnownFileType = text.plist.strings; name = en; path = en.lproj/InfoPlist.strings; sourceTree = "<group>"; };
		AB50CF9413D22017001113D0 /* CSSSample-Prefix.pch */ = {isa = PBXFileReference; lastKnownFileType = sourcecode.c.h; path = "CSSSample-Prefix.pch"; sourceTree = "<group>"; };
		AB50CF9513D22017001113D0 /* main.m */ = {isa = PBXFileReference; lastKnownFileType = sourcecode.c.objc; path = main.m; sourceTree = "<group>"; };
		AB50CF9713D22017001113D0 /* CSSSampleAppDelegate.h */ = {isa = PBXFileReference; lastKnownFileType = sourcecode.c.h; path = CSSSampleAppDelegate.h; sourceTree = "<group>"; };
		AB50CF9813D22017001113D0 /* CSSSampleAppDelegate.m */ = {isa = PBXFileReference; lastKnownFileType = sourcecode.c.objc; path = CSSSampleAppDelegate.m; sourceTree = "<group>"; };
		AB50CF9B13D22017001113D0 /* en */ = {isa = PBXFileReference; lastKnownFileType = file.xib; name = en; path = en.lproj/MainWindow.xib; sourceTree = "<group>"; };
		AB50CF9D13D22017001113D0 /* CSSSampleViewController.h */ = {isa = PBXFileReference; lastKnownFileType = sourcecode.c.h; path = CSSSampleViewController.h; sourceTree = "<group>"; };
		AB50CF9E13D22017001113D0 /* CSSSampleViewController.m */ = {isa = PBXFileReference; lastKnownFileType = sourcecode.c.objc; path = CSSSampleViewController.m; sourceTree = "<group>"; };
		AB50CFA113D22017001113D0 /* en */ = {isa = PBXFileReference; lastKnownFileType = file.xib; name = en; path = en.lproj/CSSSampleViewController.xib; sourceTree = "<group>"; };
		AB588F9713D2412500EC6441 /* GHUnitIOS.framework */ = {isa = PBXFileReference; lastKnownFileType = wrapper.framework; name = GHUnitIOS.framework; path = "vendors/GHUnit/Examples/MyTestable-iOS/Frameworks/GHUnitIOS.framework"; sourceTree = "<group>"; };
		AB588F9B13D2427100EC6441 /* GHUnitIOSTestMain.m */ = {isa = PBXFileReference; fileEncoding = 4; lastKnownFileType = sourcecode.c.objc; path = GHUnitIOSTestMain.m; sourceTree = SOURCE_ROOT; };
		AB588FB913D243FE00EC6441 /* Tests.app */ = {isa = PBXFileReference; explicitFileType = wrapper.application; includeInIndex = 0; path = Tests.app; sourceTree = BUILT_PRODUCTS_DIR; };
		AB588FC013D243FE00EC6441 /* Tests-Info.plist */ = {isa = PBXFileReference; lastKnownFileType = text.plist.xml; path = "Tests-Info.plist"; sourceTree = "<group>"; };
		AB588FC213D243FE00EC6441 /* en */ = {isa = PBXFileReference; lastKnownFileType = text.plist.strings; name = en; path = en.lproj/InfoPlist.strings; sourceTree = "<group>"; };
		AB588FC413D243FE00EC6441 /* Tests-Prefix.pch */ = {isa = PBXFileReference; lastKnownFileType = sourcecode.c.h; path = "Tests-Prefix.pch"; sourceTree = "<group>"; };
		AB588FC713D243FE00EC6441 /* TestsAppDelegate.h */ = {isa = PBXFileReference; lastKnownFileType = sourcecode.c.h; path = TestsAppDelegate.h; sourceTree = "<group>"; };
		AB588FC813D243FE00EC6441 /* TestsAppDelegate.m */ = {isa = PBXFileReference; lastKnownFileType = sourcecode.c.objc; path = TestsAppDelegate.m; sourceTree = "<group>"; };
		AB588FD313D245A700EC6441 /* CSSObjectCategoryTest.h */ = {isa = PBXFileReference; fileEncoding = 4; lastKnownFileType = sourcecode.c.h; name = CSSObjectCategoryTest.h; path = Tests/CSSObjectCategoryTest.h; sourceTree = SOURCE_ROOT; };
		AB588FD413D245A700EC6441 /* CSSObjectCategoryTest.m */ = {isa = PBXFileReference; fileEncoding = 4; lastKnownFileType = sourcecode.c.objc; name = CSSObjectCategoryTest.m; path = Tests/CSSObjectCategoryTest.m; sourceTree = SOURCE_ROOT; };
		AB588FD713D24DB500EC6441 /* CSSViewSelectorTest.h */ = {isa = PBXFileReference; fileEncoding = 4; lastKnownFileType = sourcecode.c.h; path = CSSViewSelectorTest.h; sourceTree = "<group>"; };
		AB588FD813D24DB500EC6441 /* CSSViewSelectorTest.m */ = {isa = PBXFileReference; fileEncoding = 4; lastKnownFileType = sourcecode.c.objc; path = CSSViewSelectorTest.m; sourceTree = "<group>"; };
		AB5B475013D2272B00FB2A74 /* UIView+CSS.h */ = {isa = PBXFileReference; fileEncoding = 4; lastKnownFileType = sourcecode.c.h; path = "UIView+CSS.h"; sourceTree = "<group>"; };
		AB5B475113D2272B00FB2A74 /* UIView+CSS.m */ = {isa = PBXFileReference; fileEncoding = 4; lastKnownFileType = sourcecode.c.objc; path = "UIView+CSS.m"; sourceTree = "<group>"; };
		D9141F5913D26A4A006B25E0 /* css.h */ = {isa = PBXFileReference; fileEncoding = 4; lastKnownFileType = sourcecode.c.h; name = css.h; path = lex/css.h; sourceTree = "<group>"; };
		D9141F5A13D26A4A006B25E0 /* css.m */ = {isa = PBXFileReference; fileEncoding = 4; lastKnownFileType = sourcecode.c.objc; name = css.m; path = lex/css.m; sourceTree = "<group>"; };
		D9141F5B13D26A4A006B25E0 /* mcss.grammer */ = {isa = PBXFileReference; fileEncoding = 4; lastKnownFileType = text; name = mcss.grammer; path = lex/mcss.grammer; sourceTree = "<group>"; };
		D9141F5F13D26AAB006B25E0 /* CSSTokens.h */ = {isa = PBXFileReference; fileEncoding = 4; lastKnownFileType = sourcecode.c.h; path = CSSTokens.h; sourceTree = "<group>"; };
		D9C27FF213D24CA3000B1A43 /* testcase.css */ = {isa = PBXFileReference; fileEncoding = 4; lastKnownFileType = text.css; path = testcase.css; sourceTree = SOURCE_ROOT; };
		D9C9DBA113D28BE000F34B83 /* QuartzCore.framework */ = {isa = PBXFileReference; lastKnownFileType = wrapper.framework; name = QuartzCore.framework; path = System/Library/Frameworks/QuartzCore.framework; sourceTree = SDKROOT; };
/* End PBXFileReference section */

/* Begin PBXFrameworksBuildPhase section */
		AB50CF8113D22017001113D0 /* Frameworks */ = {
			isa = PBXFrameworksBuildPhase;
			buildActionMask = 2147483647;
			files = (
				D9C9DBA213D28BE000F34B83 /* QuartzCore.framework in Frameworks */,
				AB50CF8913D22017001113D0 /* UIKit.framework in Frameworks */,
				AB50CF8B13D22017001113D0 /* Foundation.framework in Frameworks */,
				AB50CF8D13D22017001113D0 /* CoreGraphics.framework in Frameworks */,
			);
			runOnlyForDeploymentPostprocessing = 0;
		};
		AB588FB613D243FE00EC6441 /* Frameworks */ = {
			isa = PBXFrameworksBuildPhase;
			buildActionMask = 2147483647;
			files = (
				AB588FBB13D243FE00EC6441 /* UIKit.framework in Frameworks */,
				AB588FBC13D243FE00EC6441 /* Foundation.framework in Frameworks */,
				AB588FBD13D243FE00EC6441 /* CoreGraphics.framework in Frameworks */,
				AB588FD013D2441600EC6441 /* GHUnitIOS.framework in Frameworks */,
			);
			runOnlyForDeploymentPostprocessing = 0;
		};
/* End PBXFrameworksBuildPhase section */

/* Begin PBXGroup section */
		1DEE03C513D234A4007C87FE /* parser */ = {
			isa = PBXGroup;
			children = (
				1DF02A9E13D285D3005A3D0C /* Lex */,
				1DEE03D013D23514007C87FE /* CSSParser.h */,
				1DEE03D113D23514007C87FE /* CSSParser.m */,
				1DEE03DC13D24349007C87FE /* CSSStyleSheet.h */,
				1DEE03DD13D24349007C87FE /* CSSStyleSheet.m */,
				1DEC907C13D24BE7005BCF07 /* CSSRuleset.h */,
				1DEC907D13D24BE7005BCF07 /* CSSRuleset.m */,
				1DEC908013D262A8005BCF07 /* CSSSelector.h */,
				1DEC908113D262A8005BCF07 /* CSSSelector.m */,
			);
			name = parser;
			sourceTree = "<group>";
		};
		1DEE03C913D234D0007C87FE /* managers */ = {
			isa = PBXGroup;
			children = (
				1DEE03D813D23662007C87FE /* group */,
				1DEE03D313D2357C007C87FE /* mapper */,
				1DEE03CA13D234FD007C87FE /* CSSResourceManager.h */,
				1DEE03CB13D234FD007C87FE /* CSSResourceManager.m */,
			);
			name = managers;
			sourceTree = "<group>";
		};
		1DEE03D313D2357C007C87FE /* mapper */ = {
			isa = PBXGroup;
			children = (
				1DEE03D413D23591007C87FE /* CSSMapper.h */,
				1DEE03D513D235EA007C87FE /* CSSPlistMapper.h */,
				1DEE03D613D235EA007C87FE /* CSSPlistMapper.m */,
			);
			name = mapper;
			sourceTree = "<group>";
		};
		1DEE03D813D23662007C87FE /* group */ = {
			isa = PBXGroup;
			children = (
			);
			name = group;
			sourceTree = "<group>";
		};
		1DF02A9E13D285D3005A3D0C /* Lex */ = {
			isa = PBXGroup;
			children = (
				D9141F5B13D26A4A006B25E0 /* mcss.grammer */,
				D9141F5F13D26AAB006B25E0 /* CSSTokens.h */,
				D9141F5913D26A4A006B25E0 /* css.h */,
				D9141F5A13D26A4A006B25E0 /* css.m */,
			);
			name = Lex;
			sourceTree = "<group>";
		};
		AB50CF7913D22017001113D0 = {
			isa = PBXGroup;
			children = (
				AB50CFC113D2201C001113D0 /* CSSApply */,
				AB50CF8E13D22017001113D0 /* CSSSample */,
				AB588FBE13D243FE00EC6441 /* Tests */,
				AB50CF8713D22017001113D0 /* Frameworks */,
				AB50CF8513D22017001113D0 /* Products */,
			);
			sourceTree = "<group>";
		};
		AB50CF8513D22017001113D0 /* Products */ = {
			isa = PBXGroup;
			children = (
				AB50CF8413D22017001113D0 /* CSSSample.app */,
				AB588FB913D243FE00EC6441 /* Tests.app */,
			);
			name = Products;
			sourceTree = "<group>";
		};
		AB50CF8713D22017001113D0 /* Frameworks */ = {
			isa = PBXGroup;
			children = (
				D9C9DBA113D28BE000F34B83 /* QuartzCore.framework */,
				AB588F9713D2412500EC6441 /* GHUnitIOS.framework */,
				AB50CF8813D22017001113D0 /* UIKit.framework */,
				AB50CF8A13D22017001113D0 /* Foundation.framework */,
				AB50CF8C13D22017001113D0 /* CoreGraphics.framework */,
			);
			name = Frameworks;
			sourceTree = "<group>";
		};
		AB50CF8E13D22017001113D0 /* CSSSample */ = {
			isa = PBXGroup;
			children = (
				AB50CF9713D22017001113D0 /* CSSSampleAppDelegate.h */,
				AB50CF9813D22017001113D0 /* CSSSampleAppDelegate.m */,
				AB50CF9A13D22017001113D0 /* MainWindow.xib */,
				AB50CF9D13D22017001113D0 /* CSSSampleViewController.h */,
				AB50CF9E13D22017001113D0 /* CSSSampleViewController.m */,
				AB50CFA013D22017001113D0 /* CSSSampleViewController.xib */,
				AB50CF8F13D22017001113D0 /* Supporting Files */,
			);
			path = CSSSample;
			sourceTree = "<group>";
		};
		AB50CF8F13D22017001113D0 /* Supporting Files */ = {
			isa = PBXGroup;
			children = (
				D9C27FF213D24CA3000B1A43 /* testcase.css */,
				AB50CF9013D22017001113D0 /* CSSSample-Info.plist */,
				AB50CF9113D22017001113D0 /* InfoPlist.strings */,
				AB50CF9413D22017001113D0 /* CSSSample-Prefix.pch */,
				AB50CF9513D22017001113D0 /* main.m */,
			);
			name = "Supporting Files";
			sourceTree = "<group>";
		};
		AB50CFC113D2201C001113D0 /* CSSApply */ = {
			isa = PBXGroup;
			children = (
				1DEE03C913D234D0007C87FE /* managers */,
				1DEE03C513D234A4007C87FE /* parser */,
				AB50CFC313D2202C001113D0 /* vendors */,
				AB50CFC213D22024001113D0 /* categories */,
			);
			name = CSSApply;
			sourceTree = "<group>";
		};
		AB50CFC213D22024001113D0 /* categories */ = {
			isa = PBXGroup;
			children = (
				AB5B475013D2272B00FB2A74 /* UIView+CSS.h */,
				AB5B475113D2272B00FB2A74 /* UIView+CSS.m */,
				AB0ECADF13D25A9F00E151DF /* CALayer+CSS.h */,
				AB0ECAE013D25A9F00E151DF /* CALayer+CSS.m */,
				AB0ECAE313D25B0A00E151DF /* NSObject+CSS.h */,
				AB0ECAE413D25B0A00E151DF /* NSObject+CSS.m */,
			);
			name = categories;
			sourceTree = "<group>";
		};
		AB50CFC313D2202C001113D0 /* vendors */ = {
			isa = PBXGroup;
			children = (
			);
			name = vendors;
			sourceTree = "<group>";
		};
		AB588FBE13D243FE00EC6441 /* Tests */ = {
			isa = PBXGroup;
			children = (
				AB588FD213D2452100EC6441 /* Test Cases */,
				AB588FC713D243FE00EC6441 /* TestsAppDelegate.h */,
				AB588FC813D243FE00EC6441 /* TestsAppDelegate.m */,
				AB588FBF13D243FE00EC6441 /* Supporting Files */,
			);
			path = Tests;
			sourceTree = "<group>";
		};
		AB588FBF13D243FE00EC6441 /* Supporting Files */ = {
			isa = PBXGroup;
			children = (
				AB588F9B13D2427100EC6441 /* GHUnitIOSTestMain.m */,
				AB588FC013D243FE00EC6441 /* Tests-Info.plist */,
				AB588FC113D243FE00EC6441 /* InfoPlist.strings */,
				AB588FC413D243FE00EC6441 /* Tests-Prefix.pch */,
			);
			name = "Supporting Files";
			sourceTree = "<group>";
		};
		AB588FD213D2452100EC6441 /* Test Cases */ = {
			isa = PBXGroup;
			children = (
				AB588FD313D245A700EC6441 /* CSSObjectCategoryTest.h */,
				AB588FD413D245A700EC6441 /* CSSObjectCategoryTest.m */,
				AB588FD713D24DB500EC6441 /* CSSViewSelectorTest.h */,
				AB588FD813D24DB500EC6441 /* CSSViewSelectorTest.m */,
			);
			name = "Test Cases";
			sourceTree = "<group>";
		};
/* End PBXGroup section */

/* Begin PBXNativeTarget section */
		AB50CF8313D22017001113D0 /* CSSSample */ = {
			isa = PBXNativeTarget;
			buildConfigurationList = AB50CFBB13D22017001113D0 /* Build configuration list for PBXNativeTarget "CSSSample" */;
			buildPhases = (
				AB50CF8013D22017001113D0 /* Sources */,
				AB50CF8113D22017001113D0 /* Frameworks */,
				AB50CF8213D22017001113D0 /* Resources */,
			);
			buildRules = (
			);
			dependencies = (
			);
			name = CSSSample;
			productName = CSSSample;
			productReference = AB50CF8413D22017001113D0 /* CSSSample.app */;
			productType = "com.apple.product-type.application";
		};
		AB588FB813D243FE00EC6441 /* Tests */ = {
			isa = PBXNativeTarget;
			buildConfigurationList = AB588FCD13D243FE00EC6441 /* Build configuration list for PBXNativeTarget "Tests" */;
			buildPhases = (
				AB588FB513D243FE00EC6441 /* Sources */,
				AB588FB613D243FE00EC6441 /* Frameworks */,
				AB588FB713D243FE00EC6441 /* Resources */,
			);
			buildRules = (
			);
			dependencies = (
			);
			name = Tests;
			productName = Tests;
			productReference = AB588FB913D243FE00EC6441 /* Tests.app */;
			productType = "com.apple.product-type.application";
		};
/* End PBXNativeTarget section */

/* Begin PBXProject section */
		AB50CF7B13D22017001113D0 /* Project object */ = {
			isa = PBXProject;
			attributes = {
				ORGANIZATIONNAME = "Float:Right Ltd";
			};
			buildConfigurationList = AB50CF7E13D22017001113D0 /* Build configuration list for PBXProject "CSSSample" */;
			compatibilityVersion = "Xcode 3.2";
			developmentRegion = English;
			hasScannedForEncodings = 0;
			knownRegions = (
				en,
			);
			mainGroup = AB50CF7913D22017001113D0;
			productRefGroup = AB50CF8513D22017001113D0 /* Products */;
			projectDirPath = "";
			projectRoot = "";
			targets = (
				AB50CF8313D22017001113D0 /* CSSSample */,
				AB588FB813D243FE00EC6441 /* Tests */,
			);
		};
/* End PBXProject section */

/* Begin PBXResourcesBuildPhase section */
		AB50CF8213D22017001113D0 /* Resources */ = {
			isa = PBXResourcesBuildPhase;
			buildActionMask = 2147483647;
			files = (
				AB50CF9313D22017001113D0 /* InfoPlist.strings in Resources */,
				AB50CF9C13D22017001113D0 /* MainWindow.xib in Resources */,
				AB50CFA213D22017001113D0 /* CSSSampleViewController.xib in Resources */,
				D9C27FF313D24CA3000B1A43 /* testcase.css in Resources */,
				D9141F5D13D26A4A006B25E0 /* mcss.grammer in Resources */,
			);
			runOnlyForDeploymentPostprocessing = 0;
		};
		AB588FB713D243FE00EC6441 /* Resources */ = {
			isa = PBXResourcesBuildPhase;
			buildActionMask = 2147483647;
			files = (
				D9C27FF513D24D2C000B1A43 /* testcase.css in Resources */,
				AB588FC313D243FE00EC6441 /* InfoPlist.strings in Resources */,
			);
			runOnlyForDeploymentPostprocessing = 0;
		};
/* End PBXResourcesBuildPhase section */

/* Begin PBXSourcesBuildPhase section */
		AB50CF8013D22017001113D0 /* Sources */ = {
			isa = PBXSourcesBuildPhase;
			buildActionMask = 2147483647;
			files = (
				AB50CF9613D22017001113D0 /* main.m in Sources */,
				AB50CF9913D22017001113D0 /* CSSSampleAppDelegate.m in Sources */,
				AB50CF9F13D22017001113D0 /* CSSSampleViewController.m in Sources */,
				AB5B475213D2272B00FB2A74 /* UIView+CSS.m in Sources */,
				1DEE03CC13D234FD007C87FE /* CSSResourceManager.m in Sources */,
				1DEE03D213D23514007C87FE /* CSSParser.m in Sources */,
				1DEE03D713D235EA007C87FE /* CSSPlistMapper.m in Sources */,
				1DEE03DE13D24349007C87FE /* CSSStyleSheet.m in Sources */,
				1DEC907E13D24BE7005BCF07 /* CSSRuleset.m in Sources */,
				1DEC908213D262A9005BCF07 /* CSSSelector.m in Sources */,
				D9141F5C13D26A4A006B25E0 /* css.m in Sources */,
				1DEE03DB13D238FE007C87FE /* CSSDOMManager.m in Sources */,
				AB0ECAE113D25A9F00E151DF /* CALayer+CSS.m in Sources */,
				AB0ECAE513D25B0A00E151DF /* NSObject+CSS.m in Sources */,
			);
			runOnlyForDeploymentPostprocessing = 0;
		};
		AB588FB513D243FE00EC6441 /* Sources */ = {
			isa = PBXSourcesBuildPhase;
			buildActionMask = 2147483647;
			files = (
				AB588FC913D243FE00EC6441 /* TestsAppDelegate.m in Sources */,
				AB588FD113D2442600EC6441 /* GHUnitIOSTestMain.m in Sources */,
				AB588FD513D245A700EC6441 /* CSSObjectCategoryTest.m in Sources */,
				AB588FD613D24AC300EC6441 /* UIView+CSS.m in Sources */,
				AB588FD913D24DB500EC6441 /* CSSViewSelectorTest.m in Sources */,
			);
			runOnlyForDeploymentPostprocessing = 0;
		};
/* End PBXSourcesBuildPhase section */

/* Begin PBXVariantGroup section */
		AB50CF9113D22017001113D0 /* InfoPlist.strings */ = {
			isa = PBXVariantGroup;
			children = (
				AB50CF9213D22017001113D0 /* en */,
			);
			name = InfoPlist.strings;
			sourceTree = "<group>";
		};
		AB50CF9A13D22017001113D0 /* MainWindow.xib */ = {
			isa = PBXVariantGroup;
			children = (
				AB50CF9B13D22017001113D0 /* en */,
			);
			name = MainWindow.xib;
			sourceTree = "<group>";
		};
		AB50CFA013D22017001113D0 /* CSSSampleViewController.xib */ = {
			isa = PBXVariantGroup;
			children = (
				AB50CFA113D22017001113D0 /* en */,
			);
			name = CSSSampleViewController.xib;
			sourceTree = "<group>";
		};
		AB588FC113D243FE00EC6441 /* InfoPlist.strings */ = {
			isa = PBXVariantGroup;
			children = (
				AB588FC213D243FE00EC6441 /* en */,
			);
			name = InfoPlist.strings;
			sourceTree = "<group>";
		};
/* End PBXVariantGroup section */

/* Begin XCBuildConfiguration section */
		AB50CFB913D22017001113D0 /* Debug */ = {
			isa = XCBuildConfiguration;
			buildSettings = {
				ARCHS = "$(ARCHS_STANDARD_32_BIT)";
				"CODE_SIGN_IDENTITY[sdk=iphoneos*]" = "iPhone Developer";
				GCC_C_LANGUAGE_STANDARD = gnu99;
				GCC_OPTIMIZATION_LEVEL = 0;
				GCC_PREPROCESSOR_DEFINITIONS = DEBUG;
				GCC_SYMBOLS_PRIVATE_EXTERN = NO;
				GCC_VERSION = "";
				GCC_WARN_ABOUT_RETURN_TYPE = YES;
				GCC_WARN_UNUSED_VARIABLE = YES;
				IPHONEOS_DEPLOYMENT_TARGET = 4.3;
				SDKROOT = iphoneos;
			};
			name = Debug;
		};
		AB50CFBA13D22017001113D0 /* Release */ = {
			isa = XCBuildConfiguration;
			buildSettings = {
				ARCHS = "$(ARCHS_STANDARD_32_BIT)";
				"CODE_SIGN_IDENTITY[sdk=iphoneos*]" = "iPhone Developer";
				GCC_C_LANGUAGE_STANDARD = gnu99;
				GCC_VERSION = "";
				GCC_WARN_ABOUT_RETURN_TYPE = YES;
				GCC_WARN_UNUSED_VARIABLE = YES;
				IPHONEOS_DEPLOYMENT_TARGET = 4.3;
				OTHER_CFLAGS = "-DNS_BLOCK_ASSERTIONS=1";
				SDKROOT = iphoneos;
			};
			name = Release;
		};
		AB50CFBC13D22017001113D0 /* Debug */ = {
			isa = XCBuildConfiguration;
			buildSettings = {
				ALWAYS_SEARCH_USER_PATHS = NO;
				COPY_PHASE_STRIP = NO;
				FRAMEWORK_SEARCH_PATHS = (
					"$(inherited)",
					"\"$(SRCROOT)/vendors/GHUnit/Examples/MyTestable-iOS/Frameworks\"",
				);
				GCC_DYNAMIC_NO_PIC = NO;
				GCC_PRECOMPILE_PREFIX_HEADER = YES;
				GCC_PREFIX_HEADER = "CSSSample/CSSSample-Prefix.pch";
				INFOPLIST_FILE = "CSSSample/CSSSample-Info.plist";
				IPHONEOS_DEPLOYMENT_TARGET = 4.3;
				PRODUCT_NAME = "$(TARGET_NAME)";
				WRAPPER_EXTENSION = app;
			};
			name = Debug;
		};
		AB50CFBD13D22017001113D0 /* Release */ = {
			isa = XCBuildConfiguration;
			buildSettings = {
				ALWAYS_SEARCH_USER_PATHS = NO;
				COPY_PHASE_STRIP = YES;
				FRAMEWORK_SEARCH_PATHS = (
					"$(inherited)",
					"\"$(SRCROOT)/vendors/GHUnit/Examples/MyTestable-iOS/Frameworks\"",
				);
				GCC_PRECOMPILE_PREFIX_HEADER = YES;
				GCC_PREFIX_HEADER = "CSSSample/CSSSample-Prefix.pch";
				INFOPLIST_FILE = "CSSSample/CSSSample-Info.plist";
				IPHONEOS_DEPLOYMENT_TARGET = 4.3;
				PRODUCT_NAME = "$(TARGET_NAME)";
				VALIDATE_PRODUCT = YES;
				WRAPPER_EXTENSION = app;
			};
			name = Release;
		};
		AB588FCE13D243FE00EC6441 /* Debug */ = {
			isa = XCBuildConfiguration;
			buildSettings = {
				ALWAYS_SEARCH_USER_PATHS = NO;
				"CODE_SIGN_IDENTITY[sdk=iphoneos*]" = "iPhone Developer";
				COPY_PHASE_STRIP = NO;
				FRAMEWORK_SEARCH_PATHS = (
					"$(inherited)",
					"\"$(SRCROOT)/vendors/GHUnit/Examples/MyTestable-iOS/Frameworks\"",
				);
				GCC_DYNAMIC_NO_PIC = NO;
				GCC_PRECOMPILE_PREFIX_HEADER = YES;
				GCC_PREFIX_HEADER = "Tests/Tests-Prefix.pch";
				INFOPLIST_FILE = "Tests/Tests-Info.plist";
				OTHER_LDFLAGS = (
					"-ObjC",
					"-all_load",
				);
				PRODUCT_NAME = "$(TARGET_NAME)";
				WRAPPER_EXTENSION = app;
			};
			name = Debug;
		};
		AB588FCF13D243FE00EC6441 /* Release */ = {
			isa = XCBuildConfiguration;
			buildSettings = {
				ALWAYS_SEARCH_USER_PATHS = NO;
				"CODE_SIGN_IDENTITY[sdk=iphoneos*]" = "iPhone Developer";
				COPY_PHASE_STRIP = YES;
				FRAMEWORK_SEARCH_PATHS = (
					"$(inherited)",
					"\"$(SRCROOT)/vendors/GHUnit/Examples/MyTestable-iOS/Frameworks\"",
				);
				GCC_PRECOMPILE_PREFIX_HEADER = YES;
				GCC_PREFIX_HEADER = "Tests/Tests-Prefix.pch";
				INFOPLIST_FILE = "Tests/Tests-Info.plist";
				OTHER_LDFLAGS = (
					"-ObjC",
					"-all_load",
				);
				PRODUCT_NAME = "$(TARGET_NAME)";
				VALIDATE_PRODUCT = YES;
				WRAPPER_EXTENSION = app;
			};
			name = Release;
		};
/* End XCBuildConfiguration section */

/* Begin XCConfigurationList section */
		AB50CF7E13D22017001113D0 /* Build configuration list for PBXProject "CSSSample" */ = {
			isa = XCConfigurationList;
			buildConfigurations = (
				AB50CFB913D22017001113D0 /* Debug */,
				AB50CFBA13D22017001113D0 /* Release */,
			);
			defaultConfigurationIsVisible = 0;
			defaultConfigurationName = Release;
		};
		AB50CFBB13D22017001113D0 /* Build configuration list for PBXNativeTarget "CSSSample" */ = {
			isa = XCConfigurationList;
			buildConfigurations = (
				AB50CFBC13D22017001113D0 /* Debug */,
				AB50CFBD13D22017001113D0 /* Release */,
			);
			defaultConfigurationIsVisible = 0;
			defaultConfigurationName = Release;
		};
		AB588FCD13D243FE00EC6441 /* Build configuration list for PBXNativeTarget "Tests" */ = {
			isa = XCConfigurationList;
			buildConfigurations = (
				AB588FCE13D243FE00EC6441 /* Debug */,
				AB588FCF13D243FE00EC6441 /* Release */,
			);
			defaultConfigurationIsVisible = 0;
			defaultConfigurationName = Release;
		};
/* End XCConfigurationList section */
	};
	rootObject = AB50CF7B13D22017001113D0 /* Project object */;
}
